
Microsoft Visual Studio Solution File, Format Version 12.00
# Visual Studio Version 17
VisualStudioVersion = 17.0.31903.59
MinimumVisualStudioVersion = 10.0.40219.1
Project("{FAE04EC0-301F-11D3-BF4B-00C04F79EFBC}") = "Xml", "Xml\Xml.csproj", "{87AF28C3-3C94-48A0-800A-E1CAA25299E3}"
EndProject
Project("{FAE04EC0-301F-11D3-BF4B-00C04F79EFBC}") = "Xml.Tests", "Xml.Tests\Xml.Tests.csproj", "{86A220D4-B3F8-4B6D-8802-66628942EC41}"
EndProject
Global
	GlobalSection(SolutionConfigurationPlatforms) = preSolution
		Debug|Any CPU = Debug|Any CPU
		Release|Any CPU = Release|Any CPU
	EndGlobalSection
	GlobalSection(SolutionProperties) = preSolution
		HideSolutionNode = FALSE
	EndGlobalSection
	GlobalSection(ProjectConfigurationPlatforms) = postSolution
		{87AF28C3-3C94-48A0-800A-E1CAA25299E3}.Debug|Any CPU.ActiveCfg = Debug|Any CPU
		{87AF28C3-3C94-48A0-800A-E1CAA25299E3}.Debug|Any CPU.Build.0 = Debug|Any CPU
		{87AF28C3-3C94-48A0-800A-E1CAA25299E3}.Release|Any CPU.ActiveCfg = Release|Any CPU
		{87AF28C3-3C94-48A0-800A-E1CAA25299E3}.Release|Any CPU.Build.0 = Release|Any CPU
		{86A220D4-B3F8-4B6D-8802-66628942EC41}.Debug|Any CPU.ActiveCfg = Debug|Any CPU
		{86A220D4-B3F8-4B6D-8802-66628942EC41}.Debug|Any CPU.Build.0 = Debug|Any CPU
		{86A220D4-B3F8-4B6D-8802-66628942EC41}.Release|Any CPU.ActiveCfg = Release|Any CPU
		{86A220D4-B3F8-4B6D-8802-66628942EC41}.Release|Any CPU.Build.0 = Release|Any CPU
	EndGlobalSection
EndGlobal
